
Microsoft Visual Studio Solution File, Format Version 12.00
# Visual Studio 2012
Project("{FAE04EC0-301F-11D3-BF4B-00C04F79EFBC}") = "01. OneToN", "01. OneToN\01. OneToN.csproj", "{736B4435-58F2-40EA-A0E6-9D5A23E38200}"
EndProject
Project("{FAE04EC0-301F-11D3-BF4B-00C04F79EFBC}") = "02. OneToNDivisible", "02. OneToNDivisible\02. OneToNDivisible.csproj", "{DAAA9401-B459-4970-812A-5C6E25CE3DDF}"
EndProject
Project("{FAE04EC0-301F-11D3-BF4B-00C04F79EFBC}") = "03. MinMaxOfSequence", "03. MinMaxOfSequence\03. MinMaxOfSequence.csproj", "{A91976C8-85C7-4FDC-A583-9578BCB5C0A8}"
EndProject
Project("{FAE04EC0-301F-11D3-BF4B-00C04F79EFBC}") = "04. DivisionOfFactorial", "04. DivisionOfFactorial\04. DivisionOfFactorial.csproj", "{755F1E64-21A8-478C-BA92-E324090A483A}"
EndProject
Project("{FAE04EC0-301F-11D3-BF4B-00C04F79EFBC}") = "05. ProductOfFactorial", "05. ProductOfFactorial\05. ProductOfFactorial.csproj", "{A651FE06-AB4E-483C-9355-9EBEBA695465}"
EndProject
Project("{FAE04EC0-301F-11D3-BF4B-00C04F79EFBC}") = "06. FactorialPower", "06. FactorialPower\06. FactorialPower.csproj", "{F6E44078-E223-42DA-9D03-20D514FD6EF2}"
EndProject
Project("{FAE04EC0-301F-11D3-BF4B-00C04F79EFBC}") = "07. SumOfNFibonacci", "07. SumOfNFibonacci\07. SumOfNFibonacci.csproj", "{F9F6E8E3-98A6-4420-9A5A-C3A7D9A9CC08}"
EndProject
Project("{FAE04EC0-301F-11D3-BF4B-00C04F79EFBC}") = "08. GreatestCommonDivisor", "08. GreatestCommonDivisor\08. GreatestCommonDivisor.csproj", "{242DF986-724B-4D43-A6F7-4475D0B03F1A}"
EndProject
Project("{FAE04EC0-301F-11D3-BF4B-00C04F79EFBC}") = "09. CatalanNumbers", "09. CatalanNumbers\09. CatalanNumbers.csproj", "{97342353-D758-4923-8923-7B46FD9BE221}"
EndProject
Project("{FAE04EC0-301F-11D3-BF4B-00C04F79EFBC}") = "11. DeckOfCards", "11. DeckOfCards\11. DeckOfCards.csproj", "{191B4F50-B745-4971-9329-3FC3EF4A136C}"
EndProject
Project("{FAE04EC0-301F-11D3-BF4B-00C04F79EFBC}") = "12. Matrix", "12. Matrix\12. Matrix.csproj", "{46987418-2808-405C-BEF0-E4C9B3F8E6A4}"
EndProject
Project("{FAE04EC0-301F-11D3-BF4B-00C04F79EFBC}") = "13. TrailingZeros", "13. TrailingZeros\13. TrailingZeros.csproj", "{B3D43571-7DDF-4AC9-9BB3-A618FE47B51B}"
EndProject
Global
	GlobalSection(SolutionConfigurationPlatforms) = preSolution
		Debug|Any CPU = Debug|Any CPU
		Release|Any CPU = Release|Any CPU
	EndGlobalSection
	GlobalSection(ProjectConfigurationPlatforms) = postSolution
		{736B4435-58F2-40EA-A0E6-9D5A23E38200}.Debug|Any CPU.ActiveCfg = Debug|Any CPU
		{736B4435-58F2-40EA-A0E6-9D5A23E38200}.Debug|Any CPU.Build.0 = Debug|Any CPU
		{736B4435-58F2-40EA-A0E6-9D5A23E38200}.Release|Any CPU.ActiveCfg = Release|Any CPU
		{736B4435-58F2-40EA-A0E6-9D5A23E38200}.Release|Any CPU.Build.0 = Release|Any CPU
		{DAAA9401-B459-4970-812A-5C6E25CE3DDF}.Debug|Any CPU.ActiveCfg = Debug|Any CPU
		{DAAA9401-B459-4970-812A-5C6E25CE3DDF}.Debug|Any CPU.Build.0 = Debug|Any CPU
		{DAAA9401-B459-4970-812A-5C6E25CE3DDF}.Release|Any CPU.ActiveCfg = Release|Any CPU
		{DAAA9401-B459-4970-812A-5C6E25CE3DDF}.Release|Any CPU.Build.0 = Release|Any CPU
		{A91976C8-85C7-4FDC-A583-9578BCB5C0A8}.Debug|Any CPU.ActiveCfg = Debug|Any CPU
		{A91976C8-85C7-4FDC-A583-9578BCB5C0A8}.Debug|Any CPU.Build.0 = Debug|Any CPU
		{A91976C8-85C7-4FDC-A583-9578BCB5C0A8}.Release|Any CPU.ActiveCfg = Release|Any CPU
		{A91976C8-85C7-4FDC-A583-9578BCB5C0A8}.Release|Any CPU.Build.0 = Release|Any CPU
		{755F1E64-21A8-478C-BA92-E324090A483A}.Debug|Any CPU.ActiveCfg = Debug|Any CPU
		{755F1E64-21A8-478C-BA92-E324090A483A}.Debug|Any CPU.Build.0 = Debug|Any CPU
		{755F1E64-21A8-478C-BA92-E324090A483A}.Release|Any CPU.ActiveCfg = Release|Any CPU
		{755F1E64-21A8-478C-BA92-E324090A483A}.Release|Any CPU.Build.0 = Release|Any CPU
		{A651FE06-AB4E-483C-9355-9EBEBA695465}.Debug|Any CPU.ActiveCfg = Debug|Any CPU
		{A651FE06-AB4E-483C-9355-9EBEBA695465}.Debug|Any CPU.Build.0 = Debug|Any CPU
		{A651FE06-AB4E-483C-9355-9EBEBA695465}.Release|Any CPU.ActiveCfg = Release|Any CPU
		{A651FE06-AB4E-483C-9355-9EBEBA695465}.Release|Any CPU.Build.0 = Release|Any CPU
		{F6E44078-E223-42DA-9D03-20D514FD6EF2}.Debug|Any CPU.ActiveCfg = Debug|Any CPU
		{F6E44078-E223-42DA-9D03-20D514FD6EF2}.Debug|Any CPU.Build.0 = Debug|Any CPU
		{F6E44078-E223-42DA-9D03-20D514FD6EF2}.Release|Any CPU.ActiveCfg = Release|Any CPU
		{F6E44078-E223-42DA-9D03-20D514FD6EF2}.Release|Any CPU.Build.0 = Release|Any CPU
		{F9F6E8E3-98A6-4420-9A5A-C3A7D9A9CC08}.Debug|Any CPU.ActiveCfg = Debug|Any CPU
		{F9F6E8E3-98A6-4420-9A5A-C3A7D9A9CC08}.Debug|Any CPU.Build.0 = Debug|Any CPU
		{F9F6E8E3-98A6-4420-9A5A-C3A7D9A9CC08}.Release|Any CPU.ActiveCfg = Release|Any CPU
		{F9F6E8E3-98A6-4420-9A5A-C3A7D9A9CC08}.Release|Any CPU.Build.0 = Release|Any CPU
		{242DF986-724B-4D43-A6F7-4475D0B03F1A}.Debug|Any CPU.ActiveCfg = Debug|Any CPU
		{242DF986-724B-4D43-A6F7-4475D0B03F1A}.Debug|Any CPU.Build.0 = Debug|Any CPU
		{242DF986-724B-4D43-A6F7-4475D0B03F1A}.Release|Any CPU.ActiveCfg = Release|Any CPU
		{242DF986-724B-4D43-A6F7-4475D0B03F1A}.Release|Any CPU.Build.0 = Release|Any CPU
		{97342353-D758-4923-8923-7B46FD9BE221}.Debug|Any CPU.ActiveCfg = Debug|Any CPU
		{97342353-D758-4923-8923-7B46FD9BE221}.Debug|Any CPU.Build.0 = Debug|Any CPU
		{97342353-D758-4923-8923-7B46FD9BE221}.Release|Any CPU.ActiveCfg = Release|Any CPU
		{97342353-D758-4923-8923-7B46FD9BE221}.Release|Any CPU.Build.0 = Release|Any CPU
		{191B4F50-B745-4971-9329-3FC3EF4A136C}.Debug|Any CPU.ActiveCfg = Debug|Any CPU
		{191B4F50-B745-4971-9329-3FC3EF4A136C}.Debug|Any CPU.Build.0 = Debug|Any CPU
		{191B4F50-B745-4971-9329-3FC3EF4A136C}.Release|Any CPU.ActiveCfg = Release|Any CPU
		{191B4F50-B745-4971-9329-3FC3EF4A136C}.Release|Any CPU.Build.0 = Release|Any CPU
		{46987418-2808-405C-BEF0-E4C9B3F8E6A4}.Debug|Any CPU.ActiveCfg = Debug|Any CPU
		{46987418-2808-405C-BEF0-E4C9B3F8E6A4}.Debug|Any CPU.Build.0 = Debug|Any CPU
		{46987418-2808-405C-BEF0-E4C9B3F8E6A4}.Release|Any CPU.ActiveCfg = Release|Any CPU
		{46987418-2808-405C-BEF0-E4C9B3F8E6A4}.Release|Any CPU.Build.0 = Release|Any CPU
		{B3D43571-7DDF-4AC9-9BB3-A618FE47B51B}.Debug|Any CPU.ActiveCfg = Debug|Any CPU
		{B3D43571-7DDF-4AC9-9BB3-A618FE47B51B}.Debug|Any CPU.Build.0 = Debug|Any CPU
		{B3D43571-7DDF-4AC9-9BB3-A618FE47B51B}.Release|Any CPU.ActiveCfg = Release|Any CPU
		{B3D43571-7DDF-4AC9-9BB3-A618FE47B51B}.Release|Any CPU.Build.0 = Release|Any CPU
	EndGlobalSection
	GlobalSection(SolutionProperties) = preSolution
		HideSolutionNode = FALSE
	EndGlobalSection
EndGlobal
