
Microsoft Visual Studio Solution File, Format Version 12.00
# Visual Studio Express 2013 for Windows Desktop
VisualStudioVersion = 12.0.30723.0
MinimumVisualStudioVersion = 10.0.40219.1
Project("{FAE04EC0-301F-11D3-BF4B-00C04F79EFBC}") = "1. Joro, the Football Player", "1. Joro, the Football Player\1. Joro, the Football Player.csproj", "{0890CE82-C0C5-4082-8CD2-160F1566C7BE}"
EndProject
Project("{FAE04EC0-301F-11D3-BF4B-00C04F79EFBC}") = "2. Half Sum", "2. Half Sum\2. Half Sum.csproj", "{086155D0-F09A-4107-903E-16AAD44C1B4F}"
EndProject
Project("{FAE04EC0-301F-11D3-BF4B-00C04F79EFBC}") = "3. Sunglasses", "3. Sunglasses\3. Sunglasses.csproj", "{6CAEEE67-BB29-4EC6-910F-8FDC2E556C94}"
EndProject
Project("{FAE04EC0-301F-11D3-BF4B-00C04F79EFBC}") = "4. Nine-DigitMagicNumbers", "4. Nine-DigitMagicNumbers\4. Nine-DigitMagicNumbers.csproj", "{02B04E40-FAA5-4C95-847E-00015316C7A2}"
EndProject
Project("{FAE04EC0-301F-11D3-BF4B-00C04F79EFBC}") = "5. Bits Inverter", "5. Bits Inverter\5. Bits Inverter.csproj", "{345BF06F-53CD-4ABC-AAB7-3296513F1C6A}"
EndProject
Global
	GlobalSection(SolutionConfigurationPlatforms) = preSolution
		Debug|Any CPU = Debug|Any CPU
		Release|Any CPU = Release|Any CPU
	EndGlobalSection
	GlobalSection(ProjectConfigurationPlatforms) = postSolution
		{0890CE82-C0C5-4082-8CD2-160F1566C7BE}.Debug|Any CPU.ActiveCfg = Debug|Any CPU
		{0890CE82-C0C5-4082-8CD2-160F1566C7BE}.Debug|Any CPU.Build.0 = Debug|Any CPU
		{0890CE82-C0C5-4082-8CD2-160F1566C7BE}.Release|Any CPU.ActiveCfg = Release|Any CPU
		{0890CE82-C0C5-4082-8CD2-160F1566C7BE}.Release|Any CPU.Build.0 = Release|Any CPU
		{086155D0-F09A-4107-903E-16AAD44C1B4F}.Debug|Any CPU.ActiveCfg = Debug|Any CPU
		{086155D0-F09A-4107-903E-16AAD44C1B4F}.Debug|Any CPU.Build.0 = Debug|Any CPU
		{086155D0-F09A-4107-903E-16AAD44C1B4F}.Release|Any CPU.ActiveCfg = Release|Any CPU
		{086155D0-F09A-4107-903E-16AAD44C1B4F}.Release|Any CPU.Build.0 = Release|Any CPU
		{6CAEEE67-BB29-4EC6-910F-8FDC2E556C94}.Debug|Any CPU.ActiveCfg = Debug|Any CPU
		{6CAEEE67-BB29-4EC6-910F-8FDC2E556C94}.Debug|Any CPU.Build.0 = Debug|Any CPU
		{6CAEEE67-BB29-4EC6-910F-8FDC2E556C94}.Release|Any CPU.ActiveCfg = Release|Any CPU
		{6CAEEE67-BB29-4EC6-910F-8FDC2E556C94}.Release|Any CPU.Build.0 = Release|Any CPU
		{02B04E40-FAA5-4C95-847E-00015316C7A2}.Debug|Any CPU.ActiveCfg = Debug|Any CPU
		{02B04E40-FAA5-4C95-847E-00015316C7A2}.Debug|Any CPU.Build.0 = Debug|Any CPU
		{02B04E40-FAA5-4C95-847E-00015316C7A2}.Release|Any CPU.ActiveCfg = Release|Any CPU
		{02B04E40-FAA5-4C95-847E-00015316C7A2}.Release|Any CPU.Build.0 = Release|Any CPU
		{345BF06F-53CD-4ABC-AAB7-3296513F1C6A}.Debug|Any CPU.ActiveCfg = Debug|Any CPU
		{345BF06F-53CD-4ABC-AAB7-3296513F1C6A}.Debug|Any CPU.Build.0 = Debug|Any CPU
		{345BF06F-53CD-4ABC-AAB7-3296513F1C6A}.Release|Any CPU.ActiveCfg = Release|Any CPU
		{345BF06F-53CD-4ABC-AAB7-3296513F1C6A}.Release|Any CPU.Build.0 = Release|Any CPU
	EndGlobalSection
	GlobalSection(SolutionProperties) = preSolution
		HideSolutionNode = FALSE
	EndGlobalSection
EndGlobal
