
Microsoft Visual Studio Solution File, Format Version 12.00
# Visual Studio 2012
Project("{FAE04EC0-301F-11D3-BF4B-00C04F79EFBC}") = "01. IndexByFive", "01. IndexByFive\01. IndexByFive.csproj", "{D88AFCE3-AE6E-4668-ACF7-5613E85A8384}"
EndProject
Project("{FAE04EC0-301F-11D3-BF4B-00C04F79EFBC}") = "02. CompareArrays", "02. CompareArrays\02. CompareArrays.csproj", "{3337C8C3-C351-4455-A651-89FFF3992A97}"
EndProject
Global
	GlobalSection(SolutionConfigurationPlatforms) = preSolution
		Debug|Any CPU = Debug|Any CPU
		Release|Any CPU = Release|Any CPU
	EndGlobalSection
	GlobalSection(ProjectConfigurationPlatforms) = postSolution
		{D88AFCE3-AE6E-4668-ACF7-5613E85A8384}.Debug|Any CPU.ActiveCfg = Debug|Any CPU
		{D88AFCE3-AE6E-4668-ACF7-5613E85A8384}.Debug|Any CPU.Build.0 = Debug|Any CPU
		{D88AFCE3-AE6E-4668-ACF7-5613E85A8384}.Release|Any CPU.ActiveCfg = Release|Any CPU
		{D88AFCE3-AE6E-4668-ACF7-5613E85A8384}.Release|Any CPU.Build.0 = Release|Any CPU
		{3337C8C3-C351-4455-A651-89FFF3992A97}.Debug|Any CPU.ActiveCfg = Debug|Any CPU
		{3337C8C3-C351-4455-A651-89FFF3992A97}.Debug|Any CPU.Build.0 = Debug|Any CPU
		{3337C8C3-C351-4455-A651-89FFF3992A97}.Release|Any CPU.ActiveCfg = Release|Any CPU
		{3337C8C3-C351-4455-A651-89FFF3992A97}.Release|Any CPU.Build.0 = Release|Any CPU
	EndGlobalSection
	GlobalSection(SolutionProperties) = preSolution
		HideSolutionNode = FALSE
	EndGlobalSection
EndGlobal
